{
  "version": "5",
  "specifiers": {
    "jsr:@std/assert@*": "1.0.19",
    "jsr:@std/assert@1": "1.0.19",
    "jsr:@std/assert@^1.0.15": "1.0.19",
    "jsr:@std/internal@^1.0.12": "1.0.13",
    "npm:canonicalize@2.0.0": "2.0.0"
  },
  "jsr": {
    "@std/assert@1.0.19": {
      "integrity": "eaada96ee120cb980bc47e040f82814d786fe8162ecc53c91d8df60b8755991e",
      "dependencies": [
        "jsr:@std/internal"
      ]
    },
    "@std/internal@1.0.13": {
      "integrity": "2f9546691d4ac2d32859c82dff284aaeac980ddeca38430d07941e7e288725c0"
    }
  },
  "npm": {
    "canonicalize@2.0.0": {
      "integrity": "sha512-ulDEYPv7asdKvqahuAY35c1selLdzDwHqugK92hfkzvlDCwXRRelDkR+Er33md/PtnpqHemgkuDPanZ4fiYZ8w=="
    }
  },
  "workspace": {
    "dependencies": [
      "jsr:@std/assert@^1.0.15",
      "jsr:@std/encoding@^1.0.10",
      "npm:canonicalize@2.0.0"
    ],
    "members": {
      "libs/b3nd-client-console": {
        "dependencies": [
          "jsr:@std/assert@^1.0.15"
        ]
      },
      "libs/b3nd-client-http": {
        "dependencies": [
          "jsr:@std/assert@^1.0.15"
        ]
      },
      "libs/b3nd-client-memory": {
        "dependencies": [
          "jsr:@std/assert@^1.0.15"
        ]
      },
      "libs/b3nd-client-ws": {
        "dependencies": [
          "jsr:@std/assert@^1.0.15"
        ]
      },
      "libs/b3nd-core": {
        "dependencies": [
          "jsr:@std/assert@^1.0.15",
          "jsr:@std/encoding@^1.0.10"
        ]
      },
      "libs/b3nd-encrypt": {
        "dependencies": [
          "jsr:@std/assert@1",
          "jsr:@std/encoding@1"
        ]
      },
      "libs/b3nd-network": {
        "dependencies": [
          "jsr:@std/assert@^1.0.15"
        ]
      },
      "libs/b3nd-testing": {
        "dependencies": [
          "jsr:@std/assert@^1.0.15"
        ]
      }
    }
  }
}
